
Microsoft Visual Studio Solution File, Format Version 12.00
# Visual Studio Version 17
VisualStudioVersion = 17.1.32328.378
MinimumVisualStudioVersion = 10.0.40219.1
Project("{9A19103F-16F7-4668-BE54-9A1E7A4F7556}") = "XmlMirror", "XmlMirror.csproj", "{229E72FF-E03B-430E-B55D-88C7D087DDED}"
EndProject
Global
	GlobalSection(SolutionConfigurationPlatforms) = preSolution
		Debug|Any CPU = Debug|Any CPU
		Release|Any CPU = Release|Any CPU
	EndGlobalSection
	GlobalSection(ProjectConfigurationPlatforms) = postSolution
		{229E72FF-E03B-430E-B55D-88C7D087DDED}.Debug|Any CPU.ActiveCfg = Debug|Any CPU
		{229E72FF-E03B-430E-B55D-88C7D087DDED}.Debug|Any CPU.Build.0 = Debug|Any CPU
		{229E72FF-E03B-430E-B55D-88C7D087DDED}.Release|Any CPU.ActiveCfg = Release|Any CPU
		{229E72FF-E03B-430E-B55D-88C7D087DDED}.Release|Any CPU.Build.0 = Release|Any CPU
	EndGlobalSection
	GlobalSection(SolutionProperties) = preSolution
		HideSolutionNode = FALSE
	EndGlobalSection
	GlobalSection(ExtensibilityGlobals) = postSolution
		SolutionGuid = {4E9588E6-0E8B-481A-98F4-CC97463D3A07}
	EndGlobalSection
EndGlobal
