
Microsoft Visual Studio Solution File, Format Version 12.00
# Visual Studio Version 17
VisualStudioVersion = 17.1.32328.378
MinimumVisualStudioVersion = 10.0.40219.1
Project("{9A19103F-16F7-4668-BE54-9A1E7A4F7556}") = "XmlMirror.Runtime6", "XmlMirror.Runtime6.csproj", "{A26CD44C-6874-457E-9F4F-4F9B579E1F90}"
EndProject
Global
	GlobalSection(SolutionConfigurationPlatforms) = preSolution
		Debug|Any CPU = Debug|Any CPU
		Release|Any CPU = Release|Any CPU
	EndGlobalSection
	GlobalSection(ProjectConfigurationPlatforms) = postSolution
		{A26CD44C-6874-457E-9F4F-4F9B579E1F90}.Debug|Any CPU.ActiveCfg = Debug|Any CPU
		{A26CD44C-6874-457E-9F4F-4F9B579E1F90}.Debug|Any CPU.Build.0 = Debug|Any CPU
		{A26CD44C-6874-457E-9F4F-4F9B579E1F90}.Release|Any CPU.ActiveCfg = Release|Any CPU
		{A26CD44C-6874-457E-9F4F-4F9B579E1F90}.Release|Any CPU.Build.0 = Release|Any CPU
	EndGlobalSection
	GlobalSection(SolutionProperties) = preSolution
		HideSolutionNode = FALSE
	EndGlobalSection
	GlobalSection(ExtensibilityGlobals) = postSolution
		SolutionGuid = {251293D9-C539-4EA2-81DF-7EA61C8CAA54}
	EndGlobalSection
EndGlobal
