
Microsoft Visual Studio Solution File, Format Version 12.00
# Visual Studio Version 16
VisualStudioVersion = 16.0.28917.181
MinimumVisualStudioVersion = 10.0.40219.1
Project("{FAE04EC0-301F-11D3-BF4B-00C04F79EFBC}") = "NoteBoard.Model", "..\NoteBoard.Model\NoteBoard.Model.csproj", "{75A6A5FC-9E77-452C-B15F-7474760F3ADA}"
EndProject
Project("{FAE04EC0-301F-11D3-BF4B-00C04F79EFBC}") = "NoteBoard.Client", "NoteBoard.Client\NoteBoard.Client.csproj", "{BDFE8D03-EFC0-4207-BF66-ACF9BF16F87C}"
EndProject
Global
	GlobalSection(SolutionConfigurationPlatforms) = preSolution
		Debug|Any CPU = Debug|Any CPU
		Release|Any CPU = Release|Any CPU
	EndGlobalSection
	GlobalSection(ProjectConfigurationPlatforms) = postSolution
		{75A6A5FC-9E77-452C-B15F-7474760F3ADA}.Debug|Any CPU.ActiveCfg = Debug|Any CPU
		{75A6A5FC-9E77-452C-B15F-7474760F3ADA}.Debug|Any CPU.Build.0 = Debug|Any CPU
		{75A6A5FC-9E77-452C-B15F-7474760F3ADA}.Release|Any CPU.ActiveCfg = Release|Any CPU
		{75A6A5FC-9E77-452C-B15F-7474760F3ADA}.Release|Any CPU.Build.0 = Release|Any CPU
		{BDFE8D03-EFC0-4207-BF66-ACF9BF16F87C}.Debug|Any CPU.ActiveCfg = Debug|Any CPU
		{BDFE8D03-EFC0-4207-BF66-ACF9BF16F87C}.Debug|Any CPU.Build.0 = Debug|Any CPU
		{BDFE8D03-EFC0-4207-BF66-ACF9BF16F87C}.Release|Any CPU.ActiveCfg = Release|Any CPU
		{BDFE8D03-EFC0-4207-BF66-ACF9BF16F87C}.Release|Any CPU.Build.0 = Release|Any CPU
	EndGlobalSection
	GlobalSection(SolutionProperties) = preSolution
		HideSolutionNode = FALSE
	EndGlobalSection
	GlobalSection(ExtensibilityGlobals) = postSolution
		SolutionGuid = {3D8821BD-9815-461B-B9A9-A78DA580C60B}
	EndGlobalSection
EndGlobal
